
Microsoft Visual Studio Solution File, Format Version 12.00
# Visual Studio Version 17
VisualStudioVersion = 17.7.34024.191
MinimumVisualStudioVersion = 10.0.40219.1
Project("{FAE04EC0-301F-11D3-BF4B-00C04F79EFBC}") = "udembankproject", "udembankproject.csproj", "{98B63E97-3174-4037-9CB2-6CDBDD458D2B}"
EndProject
Global
	GlobalSection(SolutionConfigurationPlatforms) = preSolution
		Debug|Any CPU = Debug|Any CPU
		Release|Any CPU = Release|Any CPU
	EndGlobalSection
	GlobalSection(ProjectConfigurationPlatforms) = postSolution
		{98B63E97-3174-4037-9CB2-6CDBDD458D2B}.Debug|Any CPU.ActiveCfg = Debug|Any CPU
		{98B63E97-3174-4037-9CB2-6CDBDD458D2B}.Debug|Any CPU.Build.0 = Debug|Any CPU
		{98B63E97-3174-4037-9CB2-6CDBDD458D2B}.Release|Any CPU.ActiveCfg = Release|Any CPU
		{98B63E97-3174-4037-9CB2-6CDBDD458D2B}.Release|Any CPU.Build.0 = Release|Any CPU
	EndGlobalSection
	GlobalSection(SolutionProperties) = preSolution
		HideSolutionNode = FALSE
	EndGlobalSection
	GlobalSection(ExtensibilityGlobals) = postSolution
		SolutionGuid = {74C029E2-CF4B-4123-BCDB-510C76241367}
	EndGlobalSection
EndGlobal
